
Microsoft Visual Studio Solution File, Format Version 12.00
# Visual Studio 14
VisualStudioVersion = 14.0.23107.0
MinimumVisualStudioVersion = 10.0.40219.1
Project("{FAE04EC0-301F-11D3-BF4B-00C04F79EFBC}") = "FluxHelper", "FluxHelper\FluxHelper.csproj", "{D730A8C4-0FD0-421E-B7E6-AED52C369DDF}"
EndProject
Global
	GlobalSection(SolutionConfigurationPlatforms) = preSolution
		Debug|Any CPU = Debug|Any CPU
		Release|Any CPU = Release|Any CPU
	EndGlobalSection
	GlobalSection(ProjectConfigurationPlatforms) = postSolution
		{D730A8C4-0FD0-421E-B7E6-AED52C369DDF}.Debug|Any CPU.ActiveCfg = Debug|Any CPU
		{D730A8C4-0FD0-421E-B7E6-AED52C369DDF}.Debug|Any CPU.Build.0 = Debug|Any CPU
		{D730A8C4-0FD0-421E-B7E6-AED52C369DDF}.Release|Any CPU.ActiveCfg = Release|Any CPU
		{D730A8C4-0FD0-421E-B7E6-AED52C369DDF}.Release|Any CPU.Build.0 = Release|Any CPU
	EndGlobalSection
	GlobalSection(SolutionProperties) = preSolution
		HideSolutionNode = FALSE
	EndGlobalSection
EndGlobal
